// !$*UTF8*$!
{
	archiveVersion = 1;
	classes = {
	};
	objectVersion = 46;
	objects = {

/* Begin PBXBuildFile section */
		0409A88916B1E30E0019BB2C /* FoodSprite.m in Sources */ = {isa = PBXBuildFile; fileRef = 0409A88816B1E30D0019BB2C /* FoodSprite.m */; };
		0409A89016B5F28F0019BB2C /* Global.m in Sources */ = {isa = PBXBuildFile; fileRef = 0409A88F16B5F28E0019BB2C /* Global.m */; };
		0409A89316BAC69D0019BB2C /* SceneManager.m in Sources */ = {isa = PBXBuildFile; fileRef = 0409A89216BAC69B0019BB2C /* SceneManager.m */; };
		0462F6EC16C2CB2400A94BBD /* Door.m in Sources */ = {isa = PBXBuildFile; fileRef = 0462F6EB16C2CB2400A94BBD /* Door.m */; };
		0462F6EF16C2D06500A94BBD /* castle.png in Resources */ = {isa = PBXBuildFile; fileRef = 0462F6EE16C2D06500A94BBD /* castle.png */; };
		048CB0DA169E25FC005CE213 /* MainMenu.m in Sources */ = {isa = PBXBuildFile; fileRef = 048CB0D2169E25FC005CE213 /* MainMenu.m */; };
		048CB0DD169E25FC005CE213 /* VirtualCamera.m in Sources */ = {isa = PBXBuildFile; fileRef = 048CB0D9169E25FC005CE213 /* VirtualCamera.m */; };
		048CB0FB169E2638005CE213 /* muffin.png in Resources */ = {isa = PBXBuildFile; fileRef = 048CB0DF169E2638005CE213 /* muffin.png */; };
		048CB0FC169E2638005CE213 /* bkg_field.jpg in Resources */ = {isa = PBXBuildFile; fileRef = 048CB0E0169E2638005CE213 /* bkg_field.jpg */; };
		048CB0FD169E2638005CE213 /* tree.png in Resources */ = {isa = PBXBuildFile; fileRef = 048CB0E1169E2638005CE213 /* tree.png */; };
		048CB0FE169E2638005CE213 /* yellowlady-cutout.png in Resources */ = {isa = PBXBuildFile; fileRef = 048CB0E2169E2638005CE213 /* yellowlady-cutout.png */; };
		048CB0FF169E2638005CE213 /* landscape.jpeg in Resources */ = {isa = PBXBuildFile; fileRef = 048CB0E3169E2638005CE213 /* landscape.jpeg */; };
		048CB100169E2638005CE213 /* princess-cutout.png in Resources */ = {isa = PBXBuildFile; fileRef = 048CB0E4169E2638005CE213 /* princess-cutout.png */; };
		048CB101169E2638005CE213 /* ground.png in Resources */ = {isa = PBXBuildFile; fileRef = 048CB0E5169E2638005CE213 /* ground.png */; };
		048CB102169E2638005CE213 /* fireball.png in Resources */ = {isa = PBXBuildFile; fileRef = 048CB0E6169E2638005CE213 /* fireball.png */; };
		048CB103169E2638005CE213 /* field.jpg in Resources */ = {isa = PBXBuildFile; fileRef = 048CB0E7169E2638005CE213 /* field.jpg */; };
		048CB104169E2638005CE213 /* soldier.png in Resources */ = {isa = PBXBuildFile; fileRef = 048CB0E8169E2638005CE213 /* soldier.png */; };
		048CB105169E2638005CE213 /* wizard.png in Resources */ = {isa = PBXBuildFile; fileRef = 048CB0E9169E2638005CE213 /* wizard.png */; };
		048CB106169E2638005CE213 /* tinymonster.png in Resources */ = {isa = PBXBuildFile; fileRef = 048CB0EA169E2638005CE213 /* tinymonster.png */; };
		048CB107169E2638005CE213 /* monster.png in Resources */ = {isa = PBXBuildFile; fileRef = 048CB0EB169E2638005CE213 /* monster.png */; };
		048CB108169E2638005CE213 /* dpad_buttons.plist in Resources */ = {isa = PBXBuildFile; fileRef = 048CB0EC169E2638005CE213 /* dpad_buttons.plist */; };
		048CB109169E2638005CE213 /* dpad_buttons.png in Resources */ = {isa = PBXBuildFile; fileRef = 048CB0ED169E2638005CE213 /* dpad_buttons.png */; };
		048CB10A169E2638005CE213 /* Default.png in Resources */ = {isa = PBXBuildFile; fileRef = 048CB0EE169E2638005CE213 /* Default.png */; };
		048CB10B169E2638005CE213 /* Default-Landscape~ipad.png in Resources */ = {isa = PBXBuildFile; fileRef = 048CB0EF169E2638005CE213 /* Default-Landscape~ipad.png */; };
		048CB10C169E2638005CE213 /* fps_images.png in Resources */ = {isa = PBXBuildFile; fileRef = 048CB0F0169E2638005CE213 /* fps_images.png */; };
		048CB10F169E2638005CE213 /* Icon-72.png in Resources */ = {isa = PBXBuildFile; fileRef = 048CB0F3169E2638005CE213 /* Icon-72.png */; };
		048CB110169E2638005CE213 /* Icon-Small-50.png in Resources */ = {isa = PBXBuildFile; fileRef = 048CB0F4169E2638005CE213 /* Icon-Small-50.png */; };
		048CB111169E2638005CE213 /* Icon-Small.png in Resources */ = {isa = PBXBuildFile; fileRef = 048CB0F5169E2638005CE213 /* Icon-Small.png */; };
		048CB112169E2638005CE213 /* Icon-Small@2x.png in Resources */ = {isa = PBXBuildFile; fileRef = 048CB0F6169E2638005CE213 /* Icon-Small@2x.png */; };
		048CB113169E2638005CE213 /* Icon.png in Resources */ = {isa = PBXBuildFile; fileRef = 048CB0F7169E2638005CE213 /* Icon.png */; };
		048CB114169E2638005CE213 /* Icon@2x.png in Resources */ = {isa = PBXBuildFile; fileRef = 048CB0F8169E2638005CE213 /* Icon@2x.png */; };
		048CB115169E2638005CE213 /* Info.plist in Resources */ = {isa = PBXBuildFile; fileRef = 048CB0F9169E2638005CE213 /* Info.plist */; };
		048CB119169E2659005CE213 /* TestScene.m in Sources */ = {isa = PBXBuildFile; fileRef = 048CB118169E2659005CE213 /* TestScene.m */; };
		048CB138169E273B005CE213 /* libzbar.a in Frameworks */ = {isa = PBXBuildFile; fileRef = 048CB132169E273A005CE213 /* libzbar.a */; };
		048CB139169E273B005CE213 /* zbar-back.png in Resources */ = {isa = PBXBuildFile; fileRef = 048CB134169E273A005CE213 /* zbar-back.png */; };
		048CB13A169E273B005CE213 /* zbar-help.html in Resources */ = {isa = PBXBuildFile; fileRef = 048CB135169E273B005CE213 /* zbar-help.html */; };
		048CB13B169E273B005CE213 /* zbar-helpicons.png in Resources */ = {isa = PBXBuildFile; fileRef = 048CB136169E273B005CE213 /* zbar-helpicons.png */; };
		048CB13C169E273B005CE213 /* zbar-samples.png in Resources */ = {isa = PBXBuildFile; fileRef = 048CB137169E273B005CE213 /* zbar-samples.png */; };
		048CB13E169E2831005CE213 /* AVFoundation.framework in Frameworks */ = {isa = PBXBuildFile; fileRef = 048CB13D169E2831005CE213 /* AVFoundation.framework */; };
		048CB140169E283C005CE213 /* CoreMedia.framework in Frameworks */ = {isa = PBXBuildFile; fileRef = 048CB13F169E283C005CE213 /* CoreMedia.framework */; };
		048CB142169E2847005CE213 /* CoreVideo.framework in Frameworks */ = {isa = PBXBuildFile; fileRef = 048CB141169E2847005CE213 /* CoreVideo.framework */; };
		048CB144169E2879005CE213 /* QuartzCore.framework in Frameworks */ = {isa = PBXBuildFile; fileRef = 048CB143169E2879005CE213 /* QuartzCore.framework */; };
		048CB146169E288A005CE213 /* libiconv.dylib in Frameworks */ = {isa = PBXBuildFile; fileRef = 048CB145169E288A005CE213 /* libiconv.dylib */; };
		048CB169169E2EE8005CE213 /* TouchableSprite.m in Sources */ = {isa = PBXBuildFile; fileRef = 048CB149169E2EE8005CE213 /* TouchableSprite.m */; };
		048CB16A169E2EE8005CE213 /* Helpers.m in Sources */ = {isa = PBXBuildFile; fileRef = 048CB14B169E2EE8005CE213 /* Helpers.m */; };
		048CB16B169E2EE8005CE213 /* DPad.m in Sources */ = {isa = PBXBuildFile; fileRef = 048CB14D169E2EE8005CE213 /* DPad.m */; };
		048CB16C169E2EE8005CE213 /* LinkedLocation.m in Sources */ = {isa = PBXBuildFile; fileRef = 048CB150169E2EE8005CE213 /* LinkedLocation.m */; };
		048CB16D169E2EE8005CE213 /* CCSequence+Helper.m in Sources */ = {isa = PBXBuildFile; fileRef = 048CB152169E2EE8005CE213 /* CCSequence+Helper.m */; };
		048CB16E169E2EE8005CE213 /* NPC.m in Sources */ = {isa = PBXBuildFile; fileRef = 048CB154169E2EE8005CE213 /* NPC.m */; };
		048CB16F169E2EE8005CE213 /* PlayerCharacter.m in Sources */ = {isa = PBXBuildFile; fileRef = 048CB156169E2EE8005CE213 /* PlayerCharacter.m */; };
		048CB170169E2EE8005CE213 /* Character.m in Sources */ = {isa = PBXBuildFile; fileRef = 048CB158169E2EE8005CE213 /* Character.m */; };
		048CB171169E2EE8005CE213 /* RangedAttack.m in Sources */ = {isa = PBXBuildFile; fileRef = 048CB15A169E2EE8005CE213 /* RangedAttack.m */; };
		048CB172169E2EE8005CE213 /* SceneModel.m in Sources */ = {isa = PBXBuildFile; fileRef = 048CB15C169E2EE8005CE213 /* SceneModel.m */; };
		048CB173169E2EE8005CE213 /* SceneView.m in Sources */ = {isa = PBXBuildFile; fileRef = 048CB15E169E2EE8005CE213 /* SceneView.m */; };
		048CB174169E2EE8005CE213 /* MovementLayer.m in Sources */ = {isa = PBXBuildFile; fileRef = 048CB160169E2EE8005CE213 /* MovementLayer.m */; };
		048CB175169E2EE8005CE213 /* NavLayer.m in Sources */ = {isa = PBXBuildFile; fileRef = 048CB162169E2EE8005CE213 /* NavLayer.m */; };
		048CB176169E2EE8005CE213 /* NavView.m in Sources */ = {isa = PBXBuildFile; fileRef = 048CB164169E2EE8005CE213 /* NavView.m */; };
		048CB177169E2EE8005CE213 /* NavModel.m in Sources */ = {isa = PBXBuildFile; fileRef = 048CB166169E2EE8005CE213 /* NavModel.m */; };
		048CB178169E2EE8005CE213 /* Model.m in Sources */ = {isa = PBXBuildFile; fileRef = 048CB168169E2EE8005CE213 /* Model.m */; };
		049770DE169E594D009B5B96 /* Inventory.m in Sources */ = {isa = PBXBuildFile; fileRef = 049770D9169E594D009B5B96 /* Inventory.m */; };
		049770DF169E594D009B5B96 /* FoodItem.m in Sources */ = {isa = PBXBuildFile; fileRef = 049770DB169E594D009B5B96 /* FoodItem.m */; };
		049770E0169E594D009B5B96 /* InventoryLayer.m in Sources */ = {isa = PBXBuildFile; fileRef = 049770DD169E594D009B5B96 /* InventoryLayer.m */; };
		DC1BE6A014F417CC00F49D25 /* Ubuntu-B.ttf in Resources */ = {isa = PBXBuildFile; fileRef = DC1BE68C14F417CC00F49D25 /* Ubuntu-B.ttf */; };
		DC1BE6A114F417CC00F49D25 /* Ubuntu-BI.ttf in Resources */ = {isa = PBXBuildFile; fileRef = DC1BE68D14F417CC00F49D25 /* Ubuntu-BI.ttf */; };
		DC1BE6A214F417CC00F49D25 /* Ubuntu-C.ttf in Resources */ = {isa = PBXBuildFile; fileRef = DC1BE68E14F417CC00F49D25 /* Ubuntu-C.ttf */; };
		DC1BE6A314F417CC00F49D25 /* Ubuntu-L.ttf in Resources */ = {isa = PBXBuildFile; fileRef = DC1BE68F14F417CC00F49D25 /* Ubuntu-L.ttf */; };
		DC1BE6A414F417CC00F49D25 /* Ubuntu-LI.ttf in Resources */ = {isa = PBXBuildFile; fileRef = DC1BE69014F417CC00F49D25 /* Ubuntu-LI.ttf */; };
		DC1BE6A514F417CC00F49D25 /* Ubuntu-M.ttf in Resources */ = {isa = PBXBuildFile; fileRef = DC1BE69114F417CC00F49D25 /* Ubuntu-M.ttf */; };
		DC1BE6A614F417CC00F49D25 /* Ubuntu-MI.ttf in Resources */ = {isa = PBXBuildFile; fileRef = DC1BE69214F417CC00F49D25 /* Ubuntu-MI.ttf */; };
		DC1BE6A714F417CC00F49D25 /* Ubuntu-R.ttf in Resources */ = {isa = PBXBuildFile; fileRef = DC1BE69314F417CC00F49D25 /* Ubuntu-R.ttf */; };
		DC1BE6A814F417CC00F49D25 /* Ubuntu-RI.ttf in Resources */ = {isa = PBXBuildFile; fileRef = DC1BE69414F417CC00F49D25 /* Ubuntu-RI.ttf */; };
		DC1BE6A914F417CC00F49D25 /* UbuntuMono-B.ttf in Resources */ = {isa = PBXBuildFile; fileRef = DC1BE69514F417CC00F49D25 /* UbuntuMono-B.ttf */; };
		DC1BE6AA14F417CC00F49D25 /* UbuntuMono-BI.ttf in Resources */ = {isa = PBXBuildFile; fileRef = DC1BE69614F417CC00F49D25 /* UbuntuMono-BI.ttf */; };
		DC1BE6AB14F417CC00F49D25 /* UbuntuMono-R.ttf in Resources */ = {isa = PBXBuildFile; fileRef = DC1BE69714F417CC00F49D25 /* UbuntuMono-R.ttf */; };
		DC1BE6AC14F417CC00F49D25 /* UbuntuMono-RI.ttf in Resources */ = {isa = PBXBuildFile; fileRef = DC1BE69814F417CC00F49D25 /* UbuntuMono-RI.ttf */; };
		DC26D6DA14B9F2C600B6002E /* fps_images-hd.png in Resources */ = {isa = PBXBuildFile; fileRef = DC26D6D914B9F2C600B6002E /* fps_images-hd.png */; };
		DC26D6DB14B9F2C600B6002E /* fps_images-hd.png in Resources */ = {isa = PBXBuildFile; fileRef = DC26D6D914B9F2C600B6002E /* fps_images-hd.png */; };
		DC2721A2160CAEB600D88944 /* Default-568h@2x.png in Resources */ = {isa = PBXBuildFile; fileRef = DC2721A1160CAEB600D88944 /* Default-568h@2x.png */; };
		DC2721AA160CAFC700D88944 /* iTunesArtwork in Resources */ = {isa = PBXBuildFile; fileRef = DC2721A9160CAFC700D88944 /* iTunesArtwork */; };
		DC275D2B13B27DBF009C5098 /* Pow.caf in Resources */ = {isa = PBXBuildFile; fileRef = DC275D2A13B27DBF009C5098 /* Pow.caf */; };
		DC275D2C13B27DBF009C5098 /* Pow.caf in Resources */ = {isa = PBXBuildFile; fileRef = DC275D2A13B27DBF009C5098 /* Pow.caf */; };
		DC485B1113AA0E5600F2BC70 /* libchipmunk-mac.a in Frameworks */ = {isa = PBXBuildFile; fileRef = DC485B0D13AA0E5600F2BC70 /* libchipmunk-mac.a */; };
		DC485B1713AA0EBB00F2BC70 /* libbox2d-mac.a in Frameworks */ = {isa = PBXBuildFile; fileRef = DC485B1613AA0EBB00F2BC70 /* libbox2d-mac.a */; };
		DC485B4613AA18A600F2BC70 /* libcocosdenshion-mac.a in Frameworks */ = {isa = PBXBuildFile; fileRef = DC485B4513AA18A600F2BC70 /* libcocosdenshion-mac.a */; };
		DC485B4813AA194F00F2BC70 /* ship.png in Resources */ = {isa = PBXBuildFile; fileRef = DC485B4713AA194F00F2BC70 /* ship.png */; };
		DC485B4913AA194F00F2BC70 /* ship.png in Resources */ = {isa = PBXBuildFile; fileRef = DC485B4713AA194F00F2BC70 /* ship.png */; };
		DC485B4B13AA1C0E00F2BC70 /* ship-hd.png in Resources */ = {isa = PBXBuildFile; fileRef = DC485B4A13AA1C0E00F2BC70 /* ship-hd.png */; };
		DC485B4C13AA1C0E00F2BC70 /* ship-hd.png in Resources */ = {isa = PBXBuildFile; fileRef = DC485B4A13AA1C0E00F2BC70 /* ship-hd.png */; };
		DC65615C13A969B600A7AC53 /* libbox2d-ios.a in Frameworks */ = {isa = PBXBuildFile; fileRef = DC65615013A969B600A7AC53 /* libbox2d-ios.a */; };
		DC65615D13A969B600A7AC53 /* libchipmunk-ios.a in Frameworks */ = {isa = PBXBuildFile; fileRef = DC65615113A969B600A7AC53 /* libchipmunk-ios.a */; };
		DC65615E13A969B600A7AC53 /* libchipmunk-spacemanager-ios.a in Frameworks */ = {isa = PBXBuildFile; fileRef = DC65615213A969B600A7AC53 /* libchipmunk-spacemanager-ios.a */; };
		DC65616013A969B600A7AC53 /* libcocos2d-extensions-ios.a in Frameworks */ = {isa = PBXBuildFile; fileRef = DC65615413A969B600A7AC53 /* libcocos2d-extensions-ios.a */; };
		DC65616113A969B600A7AC53 /* libcocos2d-ios.a in Frameworks */ = {isa = PBXBuildFile; fileRef = DC65615513A969B600A7AC53 /* libcocos2d-ios.a */; };
		DC65616213A969B600A7AC53 /* libcocos3d-ios.a in Frameworks */ = {isa = PBXBuildFile; fileRef = DC65615613A969B600A7AC53 /* libcocos3d-ios.a */; };
		DC65616313A969B600A7AC53 /* libcocosdenshion-ios.a in Frameworks */ = {isa = PBXBuildFile; fileRef = DC65615713A969B600A7AC53 /* libcocosdenshion-ios.a */; };
		DC65616413A969B600A7AC53 /* libkobold2d-ios.a in Frameworks */ = {isa = PBXBuildFile; fileRef = DC65615813A969B600A7AC53 /* libkobold2d-ios.a */; };
		DC65616513A969B600A7AC53 /* libobjectal-ios.a in Frameworks */ = {isa = PBXBuildFile; fileRef = DC65615913A969B600A7AC53 /* libobjectal-ios.a */; };
		DC65616613A969B600A7AC53 /* libsneakyinput-ios.a in Frameworks */ = {isa = PBXBuildFile; fileRef = DC65615A13A969B600A7AC53 /* libsneakyinput-ios.a */; };
		DC65617315114B4A00E59F8A /* fps_images-ipadhd.png in Resources */ = {isa = PBXBuildFile; fileRef = DC65617215114B4A00E59F8A /* fps_images-ipadhd.png */; };
		DC979E3E13B35F8800656CB9 /* libcocos2d-extensions-mac.a in Frameworks */ = {isa = PBXBuildFile; fileRef = DC979E3D13B35F8800656CB9 /* libcocos2d-extensions-mac.a */; };
		DC979E5A13B3607E00656CB9 /* libchipmunk-spacemanager-mac.a in Frameworks */ = {isa = PBXBuildFile; fileRef = DC979E5913B3607E00656CB9 /* libchipmunk-spacemanager-mac.a */; };
		DCC1A26913A94EE6005BD75D /* InfoPlist.strings in Resources */ = {isa = PBXBuildFile; fileRef = DCC1A26713A94EE6005BD75D /* InfoPlist.strings */; };
		DCC1A26C13A94EE6005BD75D /* MainMenu.xib in Resources */ = {isa = PBXBuildFile; fileRef = DCC1A26A13A94EE6005BD75D /* MainMenu.xib */; };
		DCC1A26E13A94EE6005BD75D /* fps_images.png in Resources */ = {isa = PBXBuildFile; fileRef = DCC1A26D13A94EE6005BD75D /* fps_images.png */; };
		DCC1A27013A94EE6005BD75D /* icon.icns in Resources */ = {isa = PBXBuildFile; fileRef = DCC1A26F13A94EE6005BD75D /* icon.icns */; };
		DCC1A3A913A94F1A005BD75D /* AppDelegate.m in Sources */ = {isa = PBXBuildFile; fileRef = DCC1A38E13A94F1A005BD75D /* AppDelegate.m */; };
		DCC1A3AA13A94F1A005BD75D /* AppDelegate.m in Sources */ = {isa = PBXBuildFile; fileRef = DCC1A38E13A94F1A005BD75D /* AppDelegate.m */; };
		DCC1A3AB13A94F1A005BD75D /* HelloWorldLayer.m in Sources */ = {isa = PBXBuildFile; fileRef = DCC1A39013A94F1A005BD75D /* HelloWorldLayer.m */; };
		DCC1A3AC13A94F1A005BD75D /* HelloWorldLayer.m in Sources */ = {isa = PBXBuildFile; fileRef = DCC1A39013A94F1A005BD75D /* HelloWorldLayer.m */; };
		DCC1A3AD13A94F1A005BD75D /* main.m in Sources */ = {isa = PBXBuildFile; fileRef = DCC1A39113A94F1A005BD75D /* main.m */; };
		DCC1A3AE13A94F1A005BD75D /* main.m in Sources */ = {isa = PBXBuildFile; fileRef = DCC1A39113A94F1A005BD75D /* main.m */; };
		DCC1A3AF13A94F1A005BD75D /* config.lua in Resources */ = {isa = PBXBuildFile; fileRef = DCC1A39513A94F1A005BD75D /* config.lua */; };
		DCC1A3B013A94F1A005BD75D /* config.lua in Resources */ = {isa = PBXBuildFile; fileRef = DCC1A39513A94F1A005BD75D /* config.lua */; };
		DCF95CD213A97EC500AE3B80 /* libcocos2d-mac.a in Frameworks */ = {isa = PBXBuildFile; fileRef = DCF95CC913A97EC500AE3B80 /* libcocos2d-mac.a */; };
		DCF95CD413A97EC500AE3B80 /* libkobold2d-mac.a in Frameworks */ = {isa = PBXBuildFile; fileRef = DCF95CCB13A97EC500AE3B80 /* libkobold2d-mac.a */; };
/* End PBXBuildFile section */

/* Begin PBXFileReference section */
		0409A88716B1E30D0019BB2C /* FoodSprite.h */ = {isa = PBXFileReference; fileEncoding = 4; lastKnownFileType = sourcecode.c.h; path = FoodSprite.h; sourceTree = "<group>"; };
		0409A88816B1E30D0019BB2C /* FoodSprite.m */ = {isa = PBXFileReference; fileEncoding = 4; lastKnownFileType = sourcecode.c.objc; path = FoodSprite.m; sourceTree = "<group>"; };
		0409A88E16B5F28D0019BB2C /* Global.h */ = {isa = PBXFileReference; fileEncoding = 4; lastKnownFileType = sourcecode.c.h; path = Global.h; sourceTree = "<group>"; };
		0409A88F16B5F28E0019BB2C /* Global.m */ = {isa = PBXFileReference; fileEncoding = 4; lastKnownFileType = sourcecode.c.objc; path = Global.m; sourceTree = "<group>"; };
		0409A89116BAC69A0019BB2C /* SceneManager.h */ = {isa = PBXFileReference; fileEncoding = 4; lastKnownFileType = sourcecode.c.h; path = SceneManager.h; sourceTree = "<group>"; };
		0409A89216BAC69B0019BB2C /* SceneManager.m */ = {isa = PBXFileReference; fileEncoding = 4; lastKnownFileType = sourcecode.c.objc; path = SceneManager.m; sourceTree = "<group>"; };
		0462F6EA16C2CB2400A94BBD /* Door.h */ = {isa = PBXFileReference; fileEncoding = 4; lastKnownFileType = sourcecode.c.h; path = Door.h; sourceTree = "<group>"; };
		0462F6EB16C2CB2400A94BBD /* Door.m */ = {isa = PBXFileReference; fileEncoding = 4; lastKnownFileType = sourcecode.c.objc; path = Door.m; sourceTree = "<group>"; };
		0462F6EE16C2D06500A94BBD /* castle.png */ = {isa = PBXFileReference; lastKnownFileType = image.png; path = castle.png; sourceTree = "<group>"; };
		048CB0D1169E25FC005CE213 /* MainMenu.h */ = {isa = PBXFileReference; fileEncoding = 4; lastKnownFileType = sourcecode.c.h; path = MainMenu.h; sourceTree = "<group>"; };
		048CB0D2169E25FC005CE213 /* MainMenu.m */ = {isa = PBXFileReference; fileEncoding = 4; lastKnownFileType = sourcecode.c.objc; path = MainMenu.m; sourceTree = "<group>"; };
		048CB0D8169E25FC005CE213 /* VirtualCamera.h */ = {isa = PBXFileReference; fileEncoding = 4; lastKnownFileType = sourcecode.c.h; path = VirtualCamera.h; sourceTree = "<group>"; };
		048CB0D9169E25FC005CE213 /* VirtualCamera.m */ = {isa = PBXFileReference; fileEncoding = 4; lastKnownFileType = sourcecode.c.objc; path = VirtualCamera.m; sourceTree = "<group>"; };
		048CB0DF169E2638005CE213 /* muffin.png */ = {isa = PBXFileReference; lastKnownFileType = image.png; path = muffin.png; sourceTree = "<group>"; };
		048CB0E0169E2638005CE213 /* bkg_field.jpg */ = {isa = PBXFileReference; lastKnownFileType = image.jpeg; path = bkg_field.jpg; sourceTree = "<group>"; };
		048CB0E1169E2638005CE213 /* tree.png */ = {isa = PBXFileReference; lastKnownFileType = image.png; path = tree.png; sourceTree = "<group>"; };
		048CB0E2169E2638005CE213 /* yellowlady-cutout.png */ = {isa = PBXFileReference; lastKnownFileType = image.png; path = "yellowlady-cutout.png"; sourceTree = "<group>"; };
		048CB0E3169E2638005CE213 /* landscape.jpeg */ = {isa = PBXFileReference; lastKnownFileType = image.jpeg; path = landscape.jpeg; sourceTree = "<group>"; };
		048CB0E4169E2638005CE213 /* princess-cutout.png */ = {isa = PBXFileReference; lastKnownFileType = image.png; path = "princess-cutout.png"; sourceTree = "<group>"; };
		048CB0E5169E2638005CE213 /* ground.png */ = {isa = PBXFileReference; lastKnownFileType = image.png; path = ground.png; sourceTree = "<group>"; };
		048CB0E6169E2638005CE213 /* fireball.png */ = {isa = PBXFileReference; lastKnownFileType = image.png; path = fireball.png; sourceTree = "<group>"; };
		048CB0E7169E2638005CE213 /* field.jpg */ = {isa = PBXFileReference; lastKnownFileType = image.jpeg; path = field.jpg; sourceTree = "<group>"; };
		048CB0E8169E2638005CE213 /* soldier.png */ = {isa = PBXFileReference; lastKnownFileType = image.png; path = soldier.png; sourceTree = "<group>"; };
		048CB0E9169E2638005CE213 /* wizard.png */ = {isa = PBXFileReference; lastKnownFileType = image.png; path = wizard.png; sourceTree = "<group>"; };
		048CB0EA169E2638005CE213 /* tinymonster.png */ = {isa = PBXFileReference; lastKnownFileType = image.png; path = tinymonster.png; sourceTree = "<group>"; };
		048CB0EB169E2638005CE213 /* monster.png */ = {isa = PBXFileReference; lastKnownFileType = image.png; path = monster.png; sourceTree = "<group>"; };
		048CB0EC169E2638005CE213 /* dpad_buttons.plist */ = {isa = PBXFileReference; fileEncoding = 4; lastKnownFileType = text.plist.xml; path = dpad_buttons.plist; sourceTree = "<group>"; };
		048CB0ED169E2638005CE213 /* dpad_buttons.png */ = {isa = PBXFileReference; lastKnownFileType = image.png; path = dpad_buttons.png; sourceTree = "<group>"; };
		048CB0EE169E2638005CE213 /* Default.png */ = {isa = PBXFileReference; lastKnownFileType = image.png; path = Default.png; sourceTree = "<group>"; };
		048CB0EF169E2638005CE213 /* Default-Landscape~ipad.png */ = {isa = PBXFileReference; lastKnownFileType = image.png; path = "Default-Landscape~ipad.png"; sourceTree = "<group>"; };
		048CB0F0169E2638005CE213 /* fps_images.png */ = {isa = PBXFileReference; lastKnownFileType = image.png; path = fps_images.png; sourceTree = "<group>"; };
		048CB0F1169E2638005CE213 /* fps_images-hd.png */ = {isa = PBXFileReference; lastKnownFileType = image.png; path = "fps_images-hd.png"; sourceTree = "<group>"; };
		048CB0F2169E2638005CE213 /* fps_images-ipadhd.png */ = {isa = PBXFileReference; lastKnownFileType = image.png; path = "fps_images-ipadhd.png"; sourceTree = "<group>"; };
		048CB0F3169E2638005CE213 /* Icon-72.png */ = {isa = PBXFileReference; lastKnownFileType = image.png; path = "Icon-72.png"; sourceTree = "<group>"; };
		048CB0F4169E2638005CE213 /* Icon-Small-50.png */ = {isa = PBXFileReference; lastKnownFileType = image.png; path = "Icon-Small-50.png"; sourceTree = "<group>"; };
		048CB0F5169E2638005CE213 /* Icon-Small.png */ = {isa = PBXFileReference; lastKnownFileType = image.png; path = "Icon-Small.png"; sourceTree = "<group>"; };
		048CB0F6169E2638005CE213 /* Icon-Small@2x.png */ = {isa = PBXFileReference; lastKnownFileType = image.png; path = "Icon-Small@2x.png"; sourceTree = "<group>"; };
		048CB0F7169E2638005CE213 /* Icon.png */ = {isa = PBXFileReference; lastKnownFileType = image.png; path = Icon.png; sourceTree = "<group>"; };
		048CB0F8169E2638005CE213 /* Icon@2x.png */ = {isa = PBXFileReference; lastKnownFileType = image.png; path = "Icon@2x.png"; sourceTree = "<group>"; };
		048CB0F9169E2638005CE213 /* Info.plist */ = {isa = PBXFileReference; fileEncoding = 4; lastKnownFileType = text.plist.xml; path = Info.plist; sourceTree = "<group>"; };
		048CB0FA169E2638005CE213 /* iTunesArtwork */ = {isa = PBXFileReference; lastKnownFileType = file; path = iTunesArtwork; sourceTree = "<group>"; };
		048CB117169E2659005CE213 /* TestScene.h */ = {isa = PBXFileReference; fileEncoding = 4; lastKnownFileType = sourcecode.c.h; path = TestScene.h; sourceTree = "<group>"; };
		048CB118169E2659005CE213 /* TestScene.m */ = {isa = PBXFileReference; fileEncoding = 4; lastKnownFileType = sourcecode.c.objc; path = TestScene.m; sourceTree = "<group>"; };
		048CB11E169E273A005CE213 /* Decoder.h */ = {isa = PBXFileReference; fileEncoding = 4; lastKnownFileType = sourcecode.c.h; path = Decoder.h; sourceTree = "<group>"; };
		048CB11F169E273A005CE213 /* Exception.h */ = {isa = PBXFileReference; fileEncoding = 4; lastKnownFileType = sourcecode.c.h; path = Exception.h; sourceTree = "<group>"; };
		048CB120169E273A005CE213 /* Image.h */ = {isa = PBXFileReference; fileEncoding = 4; lastKnownFileType = sourcecode.c.h; path = Image.h; sourceTree = "<group>"; };
		048CB121169E273A005CE213 /* ImageScanner.h */ = {isa = PBXFileReference; fileEncoding = 4; lastKnownFileType = sourcecode.c.h; path = ImageScanner.h; sourceTree = "<group>"; };
		048CB122169E273A005CE213 /* Processor.h */ = {isa = PBXFileReference; fileEncoding = 4; lastKnownFileType = sourcecode.c.h; path = Processor.h; sourceTree = "<group>"; };
		048CB123169E273A005CE213 /* Scanner.h */ = {isa = PBXFileReference; fileEncoding = 4; lastKnownFileType = sourcecode.c.h; path = Scanner.h; sourceTree = "<group>"; };
		048CB124169E273A005CE213 /* Symbol.h */ = {isa = PBXFileReference; fileEncoding = 4; lastKnownFileType = sourcecode.c.h; path = Symbol.h; sourceTree = "<group>"; };
		048CB125169E273A005CE213 /* Video.h */ = {isa = PBXFileReference; fileEncoding = 4; lastKnownFileType = sourcecode.c.h; path = Video.h; sourceTree = "<group>"; };
		048CB126169E273A005CE213 /* Window.h */ = {isa = PBXFileReference; fileEncoding = 4; lastKnownFileType = sourcecode.c.h; path = Window.h; sourceTree = "<group>"; };
		048CB127169E273A005CE213 /* zbar.h */ = {isa = PBXFileReference; fileEncoding = 4; lastKnownFileType = sourcecode.c.h; path = zbar.h; sourceTree = "<group>"; };
		048CB128169E273A005CE213 /* ZBarCameraSimulator.h */ = {isa = PBXFileReference; fileEncoding = 4; lastKnownFileType = sourcecode.c.h; path = ZBarCameraSimulator.h; sourceTree = "<group>"; };
		048CB129169E273A005CE213 /* ZBarCaptureReader.h */ = {isa = PBXFileReference; fileEncoding = 4; lastKnownFileType = sourcecode.c.h; path = ZBarCaptureReader.h; sourceTree = "<group>"; };
		048CB12A169E273A005CE213 /* ZBarHelpController.h */ = {isa = PBXFileReference; fileEncoding = 4; lastKnownFileType = sourcecode.c.h; path = ZBarHelpController.h; sourceTree = "<group>"; };
		048CB12B169E273A005CE213 /* ZBarImage.h */ = {isa = PBXFileReference; fileEncoding = 4; lastKnownFileType = sourcecode.c.h; path = ZBarImage.h; sourceTree = "<group>"; };
		048CB12C169E273A005CE213 /* ZBarImageScanner.h */ = {isa = PBXFileReference; fileEncoding = 4; lastKnownFileType = sourcecode.c.h; path = ZBarImageScanner.h; sourceTree = "<group>"; };
		048CB12D169E273A005CE213 /* ZBarReaderController.h */ = {isa = PBXFileReference; fileEncoding = 4; lastKnownFileType = sourcecode.c.h; path = ZBarReaderController.h; sourceTree = "<group>"; };
		048CB12E169E273A005CE213 /* ZBarReaderView.h */ = {isa = PBXFileReference; fileEncoding = 4; lastKnownFileType = sourcecode.c.h; path = ZBarReaderView.h; sourceTree = "<group>"; };
		048CB12F169E273A005CE213 /* ZBarReaderViewController.h */ = {isa = PBXFileReference; fileEncoding = 4; lastKnownFileType = sourcecode.c.h; path = ZBarReaderViewController.h; sourceTree = "<group>"; };
		048CB130169E273A005CE213 /* ZBarSDK.h */ = {isa = PBXFileReference; fileEncoding = 4; lastKnownFileType = sourcecode.c.h; path = ZBarSDK.h; sourceTree = "<group>"; };
		048CB131169E273A005CE213 /* ZBarSymbol.h */ = {isa = PBXFileReference; fileEncoding = 4; lastKnownFileType = sourcecode.c.h; path = ZBarSymbol.h; sourceTree = "<group>"; };
		048CB132169E273A005CE213 /* libzbar.a */ = {isa = PBXFileReference; lastKnownFileType = archive.ar; path = libzbar.a; sourceTree = "<group>"; };
		048CB134169E273A005CE213 /* zbar-back.png */ = {isa = PBXFileReference; lastKnownFileType = image.png; path = "zbar-back.png"; sourceTree = "<group>"; };
		048CB135169E273B005CE213 /* zbar-help.html */ = {isa = PBXFileReference; fileEncoding = 4; lastKnownFileType = text.html; path = "zbar-help.html"; sourceTree = "<group>"; };
		048CB136169E273B005CE213 /* zbar-helpicons.png */ = {isa = PBXFileReference; lastKnownFileType = image.png; path = "zbar-helpicons.png"; sourceTree = "<group>"; };
		048CB137169E273B005CE213 /* zbar-samples.png */ = {isa = PBXFileReference; lastKnownFileType = image.png; path = "zbar-samples.png"; sourceTree = "<group>"; };
		048CB13D169E2831005CE213 /* AVFoundation.framework */ = {isa = PBXFileReference; lastKnownFileType = wrapper.framework; name = AVFoundation.framework; path = Platforms/iPhoneOS.platform/Developer/SDKs/iPhoneOS6.0.sdk/System/Library/Frameworks/AVFoundation.framework; sourceTree = DEVELOPER_DIR; };
		048CB13F169E283C005CE213 /* CoreMedia.framework */ = {isa = PBXFileReference; lastKnownFileType = wrapper.framework; name = CoreMedia.framework; path = Platforms/iPhoneOS.platform/Developer/SDKs/iPhoneOS6.0.sdk/System/Library/Frameworks/CoreMedia.framework; sourceTree = DEVELOPER_DIR; };
		048CB141169E2847005CE213 /* CoreVideo.framework */ = {isa = PBXFileReference; lastKnownFileType = wrapper.framework; name = CoreVideo.framework; path = Platforms/iPhoneOS.platform/Developer/SDKs/iPhoneOS6.0.sdk/System/Library/Frameworks/CoreVideo.framework; sourceTree = DEVELOPER_DIR; };
		048CB143169E2879005CE213 /* QuartzCore.framework */ = {isa = PBXFileReference; lastKnownFileType = wrapper.framework; name = QuartzCore.framework; path = Platforms/iPhoneOS.platform/Developer/SDKs/iPhoneOS6.0.sdk/System/Library/Frameworks/QuartzCore.framework; sourceTree = DEVELOPER_DIR; };
		048CB145169E288A005CE213 /* libiconv.dylib */ = {isa = PBXFileReference; lastKnownFileType = "compiled.mach-o.dylib"; name = libiconv.dylib; path = Platforms/iPhoneOS.platform/Developer/SDKs/iPhoneOS6.0.sdk/usr/lib/libiconv.dylib; sourceTree = DEVELOPER_DIR; };
		048CB148169E2EE8005CE213 /* TouchableSprite.h */ = {isa = PBXFileReference; fileEncoding = 4; lastKnownFileType = sourcecode.c.h; path = TouchableSprite.h; sourceTree = "<group>"; };
		048CB149169E2EE8005CE213 /* TouchableSprite.m */ = {isa = PBXFileReference; fileEncoding = 4; lastKnownFileType = sourcecode.c.objc; path = TouchableSprite.m; sourceTree = "<group>"; };
		048CB14A169E2EE8005CE213 /* Helpers.h */ = {isa = PBXFileReference; fileEncoding = 4; lastKnownFileType = sourcecode.c.h; path = Helpers.h; sourceTree = "<group>"; };
		048CB14B169E2EE8005CE213 /* Helpers.m */ = {isa = PBXFileReference; fileEncoding = 4; lastKnownFileType = sourcecode.c.objc; path = Helpers.m; sourceTree = "<group>"; };
		048CB14C169E2EE8005CE213 /* DPad.h */ = {isa = PBXFileReference; fileEncoding = 4; lastKnownFileType = sourcecode.c.h; path = DPad.h; sourceTree = "<group>"; };
		048CB14D169E2EE8005CE213 /* DPad.m */ = {isa = PBXFileReference; fileEncoding = 4; lastKnownFileType = sourcecode.c.objc; path = DPad.m; sourceTree = "<group>"; };
		048CB14E169E2EE8005CE213 /* Constants.h */ = {isa = PBXFileReference; fileEncoding = 4; lastKnownFileType = sourcecode.c.h; path = Constants.h; sourceTree = "<group>"; };
		048CB14F169E2EE8005CE213 /* LinkedLocation.h */ = {isa = PBXFileReference; fileEncoding = 4; lastKnownFileType = sourcecode.c.h; path = LinkedLocation.h; sourceTree = "<group>"; };
		048CB150169E2EE8005CE213 /* LinkedLocation.m */ = {isa = PBXFileReference; fileEncoding = 4; lastKnownFileType = sourcecode.c.objc; path = LinkedLocation.m; sourceTree = "<group>"; };
		048CB151169E2EE8005CE213 /* CCSequence+Helper.h */ = {isa = PBXFileReference; fileEncoding = 4; lastKnownFileType = sourcecode.c.h; path = "CCSequence+Helper.h"; sourceTree = "<group>"; };
		048CB152169E2EE8005CE213 /* CCSequence+Helper.m */ = {isa = PBXFileReference; fileEncoding = 4; lastKnownFileType = sourcecode.c.objc; path = "CCSequence+Helper.m"; sourceTree = "<group>"; };
		048CB153169E2EE8005CE213 /* NPC.h */ = {isa = PBXFileReference; fileEncoding = 4; lastKnownFileType = sourcecode.c.h; path = NPC.h; sourceTree = "<group>"; };
		048CB154169E2EE8005CE213 /* NPC.m */ = {isa = PBXFileReference; fileEncoding = 4; lastKnownFileType = sourcecode.c.objc; path = NPC.m; sourceTree = "<group>"; };
		048CB155169E2EE8005CE213 /* PlayerCharacter.h */ = {isa = PBXFileReference; fileEncoding = 4; lastKnownFileType = sourcecode.c.h; path = PlayerCharacter.h; sourceTree = "<group>"; };
		048CB156169E2EE8005CE213 /* PlayerCharacter.m */ = {isa = PBXFileReference; fileEncoding = 4; lastKnownFileType = sourcecode.c.objc; path = PlayerCharacter.m; sourceTree = "<group>"; };
		048CB157169E2EE8005CE213 /* Character.h */ = {isa = PBXFileReference; fileEncoding = 4; lastKnownFileType = sourcecode.c.h; path = Character.h; sourceTree = "<group>"; };
		048CB158169E2EE8005CE213 /* Character.m */ = {isa = PBXFileReference; fileEncoding = 4; lastKnownFileType = sourcecode.c.objc; path = Character.m; sourceTree = "<group>"; };
		048CB159169E2EE8005CE213 /* RangedAttack.h */ = {isa = PBXFileReference; fileEncoding = 4; lastKnownFileType = sourcecode.c.h; path = RangedAttack.h; sourceTree = "<group>"; };
		048CB15A169E2EE8005CE213 /* RangedAttack.m */ = {isa = PBXFileReference; fileEncoding = 4; lastKnownFileType = sourcecode.c.objc; path = RangedAttack.m; sourceTree = "<group>"; };
		048CB15B169E2EE8005CE213 /* SceneModel.h */ = {isa = PBXFileReference; fileEncoding = 4; lastKnownFileType = sourcecode.c.h; path = SceneModel.h; sourceTree = "<group>"; };
		048CB15C169E2EE8005CE213 /* SceneModel.m */ = {isa = PBXFileReference; fileEncoding = 4; lastKnownFileType = sourcecode.c.objc; path = SceneModel.m; sourceTree = "<group>"; };
		048CB15D169E2EE8005CE213 /* SceneView.h */ = {isa = PBXFileReference; fileEncoding = 4; lastKnownFileType = sourcecode.c.h; path = SceneView.h; sourceTree = "<group>"; };
		048CB15E169E2EE8005CE213 /* SceneView.m */ = {isa = PBXFileReference; fileEncoding = 4; lastKnownFileType = sourcecode.c.objc; path = SceneView.m; sourceTree = "<group>"; };
		048CB15F169E2EE8005CE213 /* MovementLayer.h */ = {isa = PBXFileReference; fileEncoding = 4; lastKnownFileType = sourcecode.c.h; path = MovementLayer.h; sourceTree = "<group>"; };
		048CB160169E2EE8005CE213 /* MovementLayer.m */ = {isa = PBXFileReference; fileEncoding = 4; lastKnownFileType = sourcecode.c.objc; path = MovementLayer.m; sourceTree = "<group>"; };
		048CB161169E2EE8005CE213 /* NavLayer.h */ = {isa = PBXFileReference; fileEncoding = 4; lastKnownFileType = sourcecode.c.h; path = NavLayer.h; sourceTree = "<group>"; };
		048CB162169E2EE8005CE213 /* NavLayer.m */ = {isa = PBXFileReference; fileEncoding = 4; lastKnownFileType = sourcecode.c.objc; path = NavLayer.m; sourceTree = "<group>"; };
		048CB163169E2EE8005CE213 /* NavView.h */ = {isa = PBXFileReference; fileEncoding = 4; lastKnownFileType = sourcecode.c.h; path = NavView.h; sourceTree = "<group>"; };
		048CB164169E2EE8005CE213 /* NavView.m */ = {isa = PBXFileReference; fileEncoding = 4; lastKnownFileType = sourcecode.c.objc; path = NavView.m; sourceTree = "<group>"; };
		048CB165169E2EE8005CE213 /* NavModel.h */ = {isa = PBXFileReference; fileEncoding = 4; lastKnownFileType = sourcecode.c.h; path = NavModel.h; sourceTree = "<group>"; };
		048CB166169E2EE8005CE213 /* NavModel.m */ = {isa = PBXFileReference; fileEncoding = 4; lastKnownFileType = sourcecode.c.objc; path = NavModel.m; sourceTree = "<group>"; };
		048CB167169E2EE8005CE213 /* Model.h */ = {isa = PBXFileReference; fileEncoding = 4; lastKnownFileType = sourcecode.c.h; path = Model.h; sourceTree = "<group>"; };
		048CB168169E2EE8005CE213 /* Model.m */ = {isa = PBXFileReference; fileEncoding = 4; lastKnownFileType = sourcecode.c.objc; path = Model.m; sourceTree = "<group>"; };
		049770D8169E594D009B5B96 /* Inventory.h */ = {isa = PBXFileReference; fileEncoding = 4; lastKnownFileType = sourcecode.c.h; path = Inventory.h; sourceTree = "<group>"; };
		049770D9169E594D009B5B96 /* Inventory.m */ = {isa = PBXFileReference; fileEncoding = 4; lastKnownFileType = sourcecode.c.objc; path = Inventory.m; sourceTree = "<group>"; };
		049770DA169E594D009B5B96 /* FoodItem.h */ = {isa = PBXFileReference; fileEncoding = 4; lastKnownFileType = sourcecode.c.h; path = FoodItem.h; sourceTree = "<group>"; };
		049770DB169E594D009B5B96 /* FoodItem.m */ = {isa = PBXFileReference; fileEncoding = 4; lastKnownFileType = sourcecode.c.objc; path = FoodItem.m; sourceTree = "<group>"; };
		049770DC169E594D009B5B96 /* InventoryLayer.h */ = {isa = PBXFileReference; fileEncoding = 4; lastKnownFileType = sourcecode.c.h; path = InventoryLayer.h; sourceTree = "<group>"; };
		049770DD169E594D009B5B96 /* InventoryLayer.m */ = {isa = PBXFileReference; fileEncoding = 4; lastKnownFileType = sourcecode.c.objc; path = InventoryLayer.m; sourceTree = "<group>"; };
		DC1BE68614F417CC00F49D25 /* copyright.txt */ = {isa = PBXFileReference; fileEncoding = 4; lastKnownFileType = text; path = copyright.txt; sourceTree = "<group>"; };
		DC1BE68914F417CC00F49D25 /* LICENCE.txt */ = {isa = PBXFileReference; fileEncoding = 4; lastKnownFileType = text; path = LICENCE.txt; sourceTree = "<group>"; };
		DC1BE68C14F417CC00F49D25 /* Ubuntu-B.ttf */ = {isa = PBXFileReference; lastKnownFileType = file; path = "Ubuntu-B.ttf"; sourceTree = "<group>"; };
		DC1BE68D14F417CC00F49D25 /* Ubuntu-BI.ttf */ = {isa = PBXFileReference; lastKnownFileType = file; path = "Ubuntu-BI.ttf"; sourceTree = "<group>"; };
		DC1BE68E14F417CC00F49D25 /* Ubuntu-C.ttf */ = {isa = PBXFileReference; lastKnownFileType = file; path = "Ubuntu-C.ttf"; sourceTree = "<group>"; };
		DC1BE68F14F417CC00F49D25 /* Ubuntu-L.ttf */ = {isa = PBXFileReference; lastKnownFileType = file; path = "Ubuntu-L.ttf"; sourceTree = "<group>"; };
		DC1BE69014F417CC00F49D25 /* Ubuntu-LI.ttf */ = {isa = PBXFileReference; lastKnownFileType = file; path = "Ubuntu-LI.ttf"; sourceTree = "<group>"; };
		DC1BE69114F417CC00F49D25 /* Ubuntu-M.ttf */ = {isa = PBXFileReference; lastKnownFileType = file; path = "Ubuntu-M.ttf"; sourceTree = "<group>"; };
		DC1BE69214F417CC00F49D25 /* Ubuntu-MI.ttf */ = {isa = PBXFileReference; lastKnownFileType = file; path = "Ubuntu-MI.ttf"; sourceTree = "<group>"; };
		DC1BE69314F417CC00F49D25 /* Ubuntu-R.ttf */ = {isa = PBXFileReference; lastKnownFileType = file; path = "Ubuntu-R.ttf"; sourceTree = "<group>"; };
		DC1BE69414F417CC00F49D25 /* Ubuntu-RI.ttf */ = {isa = PBXFileReference; lastKnownFileType = file; path = "Ubuntu-RI.ttf"; sourceTree = "<group>"; };
		DC1BE69514F417CC00F49D25 /* UbuntuMono-B.ttf */ = {isa = PBXFileReference; lastKnownFileType = file; path = "UbuntuMono-B.ttf"; sourceTree = "<group>"; };
		DC1BE69614F417CC00F49D25 /* UbuntuMono-BI.ttf */ = {isa = PBXFileReference; lastKnownFileType = file; path = "UbuntuMono-BI.ttf"; sourceTree = "<group>"; };
		DC1BE69714F417CC00F49D25 /* UbuntuMono-R.ttf */ = {isa = PBXFileReference; lastKnownFileType = file; path = "UbuntuMono-R.ttf"; sourceTree = "<group>"; };
		DC1BE69814F417CC00F49D25 /* UbuntuMono-RI.ttf */ = {isa = PBXFileReference; lastKnownFileType = file; path = "UbuntuMono-RI.ttf"; sourceTree = "<group>"; };
		DC26D6D914B9F2C600B6002E /* fps_images-hd.png */ = {isa = PBXFileReference; lastKnownFileType = image.png; path = "fps_images-hd.png"; sourceTree = "<group>"; };
		DC2721A1160CAEB600D88944 /* Default-568h@2x.png */ = {isa = PBXFileReference; lastKnownFileType = image.png; path = "Default-568h@2x.png"; sourceTree = "<group>"; };
		DC2721A9160CAFC700D88944 /* iTunesArtwork */ = {isa = PBXFileReference; lastKnownFileType = file; path = iTunesArtwork; sourceTree = "<group>"; };
		DC275D2A13B27DBF009C5098 /* Pow.caf */ = {isa = PBXFileReference; lastKnownFileType = file; path = Pow.caf; sourceTree = "<group>"; };
		DC3BE97813B4FB71003739CC /* BuildSettings-iOS.xcconfig */ = {isa = PBXFileReference; lastKnownFileType = text.xcconfig; path = "BuildSettings-iOS.xcconfig"; sourceTree = "<group>"; };
		DC485B0D13AA0E5600F2BC70 /* libchipmunk-mac.a */ = {isa = PBXFileReference; explicitFileType = archive.ar; path = "libchipmunk-mac.a"; sourceTree = BUILT_PRODUCTS_DIR; };
		DC485B1613AA0EBB00F2BC70 /* libbox2d-mac.a */ = {isa = PBXFileReference; explicitFileType = archive.ar; path = "libbox2d-mac.a"; sourceTree = BUILT_PRODUCTS_DIR; };
		DC485B4513AA18A600F2BC70 /* libcocosdenshion-mac.a */ = {isa = PBXFileReference; explicitFileType = archive.ar; path = "libcocosdenshion-mac.a"; sourceTree = BUILT_PRODUCTS_DIR; };
		DC485B4713AA194F00F2BC70 /* ship.png */ = {isa = PBXFileReference; lastKnownFileType = image.png; path = ship.png; sourceTree = "<group>"; };
		DC485B4A13AA1C0E00F2BC70 /* ship-hd.png */ = {isa = PBXFileReference; lastKnownFileType = image.png; path = "ship-hd.png"; sourceTree = "<group>"; };
		DC65615013A969B600A7AC53 /* libbox2d-ios.a */ = {isa = PBXFileReference; explicitFileType = archive.ar; path = "libbox2d-ios.a"; sourceTree = BUILT_PRODUCTS_DIR; };
		DC65615113A969B600A7AC53 /* libchipmunk-ios.a */ = {isa = PBXFileReference; explicitFileType = archive.ar; path = "libchipmunk-ios.a"; sourceTree = BUILT_PRODUCTS_DIR; };
		DC65615213A969B600A7AC53 /* libchipmunk-spacemanager-ios.a */ = {isa = PBXFileReference; explicitFileType = archive.ar; path = "libchipmunk-spacemanager-ios.a"; sourceTree = BUILT_PRODUCTS_DIR; };
		DC65615413A969B600A7AC53 /* libcocos2d-extensions-ios.a */ = {isa = PBXFileReference; explicitFileType = archive.ar; path = "libcocos2d-extensions-ios.a"; sourceTree = BUILT_PRODUCTS_DIR; };
		DC65615513A969B600A7AC53 /* libcocos2d-ios.a */ = {isa = PBXFileReference; explicitFileType = archive.ar; path = "libcocos2d-ios.a"; sourceTree = BUILT_PRODUCTS_DIR; };
		DC65615613A969B600A7AC53 /* libcocos3d-ios.a */ = {isa = PBXFileReference; explicitFileType = archive.ar; path = "libcocos3d-ios.a"; sourceTree = BUILT_PRODUCTS_DIR; };
		DC65615713A969B600A7AC53 /* libcocosdenshion-ios.a */ = {isa = PBXFileReference; explicitFileType = archive.ar; path = "libcocosdenshion-ios.a"; sourceTree = BUILT_PRODUCTS_DIR; };
		DC65615813A969B600A7AC53 /* libkobold2d-ios.a */ = {isa = PBXFileReference; explicitFileType = archive.ar; path = "libkobold2d-ios.a"; sourceTree = BUILT_PRODUCTS_DIR; };
		DC65615913A969B600A7AC53 /* libobjectal-ios.a */ = {isa = PBXFileReference; explicitFileType = archive.ar; path = "libobjectal-ios.a"; sourceTree = BUILT_PRODUCTS_DIR; };
		DC65615A13A969B600A7AC53 /* libsneakyinput-ios.a */ = {isa = PBXFileReference; explicitFileType = archive.ar; path = "libsneakyinput-ios.a"; sourceTree = BUILT_PRODUCTS_DIR; };
		DC65617215114B4A00E59F8A /* fps_images-ipadhd.png */ = {isa = PBXFileReference; lastKnownFileType = image.png; path = "fps_images-ipadhd.png"; sourceTree = "<group>"; };
		DC979E3D13B35F8800656CB9 /* libcocos2d-extensions-mac.a */ = {isa = PBXFileReference; explicitFileType = archive.ar; path = "libcocos2d-extensions-mac.a"; sourceTree = BUILT_PRODUCTS_DIR; };
		DC979E5913B3607E00656CB9 /* libchipmunk-spacemanager-mac.a */ = {isa = PBXFileReference; explicitFileType = archive.ar; path = "libchipmunk-spacemanager-mac.a"; sourceTree = BUILT_PRODUCTS_DIR; };
		DC9C33E713B5024400931BF2 /* BuildSettings-Debug-Mac.xcconfig */ = {isa = PBXFileReference; lastKnownFileType = text.xcconfig; path = "BuildSettings-Debug-Mac.xcconfig"; sourceTree = "<group>"; };
		DC9C33E813B5024400931BF2 /* BuildSettings-Mac.xcconfig */ = {isa = PBXFileReference; lastKnownFileType = text.xcconfig; path = "BuildSettings-Mac.xcconfig"; sourceTree = "<group>"; };
		DC9C33E913B5024400931BF2 /* BuildSettings-Release-Mac.xcconfig */ = {isa = PBXFileReference; lastKnownFileType = text.xcconfig; path = "BuildSettings-Release-Mac.xcconfig"; sourceTree = "<group>"; };
		DCC1A0E313A94ED5005BD75D /* KoboldTest-iOS.app */ = {isa = PBXFileReference; explicitFileType = wrapper.application; includeInIndex = 0; path = "KoboldTest-iOS.app"; sourceTree = BUILT_PRODUCTS_DIR; };
		DCC1A0F913A94ED5005BD75D /* Default.png */ = {isa = PBXFileReference; lastKnownFileType = image.png; path = Default.png; sourceTree = "<group>"; };
		DCC1A0FB13A94ED5005BD75D /* fps_images.png */ = {isa = PBXFileReference; lastKnownFileType = image.png; path = fps_images.png; sourceTree = "<group>"; };
		DCC1A0FD13A94ED5005BD75D /* Icon-72.png */ = {isa = PBXFileReference; lastKnownFileType = image.png; path = "Icon-72.png"; sourceTree = "<group>"; };
		DCC1A0FF13A94ED5005BD75D /* Icon-Small-50.png */ = {isa = PBXFileReference; lastKnownFileType = image.png; path = "Icon-Small-50.png"; sourceTree = "<group>"; };
		DCC1A10113A94ED5005BD75D /* Icon-Small.png */ = {isa = PBXFileReference; lastKnownFileType = image.png; path = "Icon-Small.png"; sourceTree = "<group>"; };
		DCC1A10313A94ED5005BD75D /* Icon-Small@2x.png */ = {isa = PBXFileReference; lastKnownFileType = image.png; path = "Icon-Small@2x.png"; sourceTree = "<group>"; };
		DCC1A10513A94ED5005BD75D /* Icon.png */ = {isa = PBXFileReference; lastKnownFileType = image.png; path = Icon.png; sourceTree = "<group>"; };
		DCC1A10713A94ED5005BD75D /* Icon@2x.png */ = {isa = PBXFileReference; lastKnownFileType = image.png; path = "Icon@2x.png"; sourceTree = "<group>"; };
		DCC1A10913A94ED5005BD75D /* Info.plist */ = {isa = PBXFileReference; lastKnownFileType = text.plist.xml; path = Info.plist; sourceTree = "<group>"; };
		DCC1A25A13A94EE6005BD75D /* KoboldTest-Mac.app */ = {isa = PBXFileReference; explicitFileType = wrapper.application; includeInIndex = 0; path = "KoboldTest-Mac.app"; sourceTree = BUILT_PRODUCTS_DIR; };
		DCC1A26813A94EE6005BD75D /* English */ = {isa = PBXFileReference; lastKnownFileType = text.plist.strings; name = English; path = Resources/English.lproj/InfoPlist.strings; sourceTree = "<group>"; };
		DCC1A26B13A94EE6005BD75D /* English */ = {isa = PBXFileReference; lastKnownFileType = file.xib; name = English; path = Resources/English.lproj/MainMenu.xib; sourceTree = "<group>"; };
		DCC1A26D13A94EE6005BD75D /* fps_images.png */ = {isa = PBXFileReference; lastKnownFileType = image.png; name = fps_images.png; path = Resources/fps_images.png; sourceTree = "<group>"; };
		DCC1A26F13A94EE6005BD75D /* icon.icns */ = {isa = PBXFileReference; lastKnownFileType = image.icns; name = icon.icns; path = Resources/icon.icns; sourceTree = "<group>"; };
		DCC1A27113A94EE6005BD75D /* Info.plist */ = {isa = PBXFileReference; lastKnownFileType = text.plist.xml; name = Info.plist; path = Resources/Info.plist; sourceTree = "<group>"; };
		DCC1A38D13A94F1A005BD75D /* AppDelegate.h */ = {isa = PBXFileReference; fileEncoding = 4; lastKnownFileType = sourcecode.c.h; path = AppDelegate.h; sourceTree = "<group>"; };
		DCC1A38E13A94F1A005BD75D /* AppDelegate.m */ = {isa = PBXFileReference; fileEncoding = 4; lastKnownFileType = sourcecode.c.objc; path = AppDelegate.m; sourceTree = "<group>"; };
		DCC1A38F13A94F1A005BD75D /* HelloWorldLayer.h */ = {isa = PBXFileReference; fileEncoding = 4; lastKnownFileType = sourcecode.c.h; path = HelloWorldLayer.h; sourceTree = "<group>"; };
		DCC1A39013A94F1A005BD75D /* HelloWorldLayer.m */ = {isa = PBXFileReference; fileEncoding = 4; lastKnownFileType = sourcecode.c.objc; path = HelloWorldLayer.m; sourceTree = "<group>"; };
		DCC1A39113A94F1A005BD75D /* main.m */ = {isa = PBXFileReference; fileEncoding = 4; lastKnownFileType = sourcecode.c.objc; path = main.m; sourceTree = "<group>"; };
		DCC1A39213A94F1A005BD75D /* Prefix-iOS.pch */ = {isa = PBXFileReference; fileEncoding = 4; lastKnownFileType = sourcecode.c.h; path = "Prefix-iOS.pch"; sourceTree = "<group>"; };
		DCC1A39313A94F1A005BD75D /* Prefix-Mac.pch */ = {isa = PBXFileReference; fileEncoding = 4; lastKnownFileType = sourcecode.c.h; path = "Prefix-Mac.pch"; sourceTree = "<group>"; };
		DCC1A39513A94F1A005BD75D /* config.lua */ = {isa = PBXFileReference; explicitFileType = sourcecode.applescript; fileEncoding = 4; path = config.lua; sourceTree = "<group>"; };
		DCF95CC913A97EC500AE3B80 /* libcocos2d-mac.a */ = {isa = PBXFileReference; explicitFileType = archive.ar; path = "libcocos2d-mac.a"; sourceTree = BUILT_PRODUCTS_DIR; };
		DCF95CCB13A97EC500AE3B80 /* libkobold2d-mac.a */ = {isa = PBXFileReference; explicitFileType = archive.ar; path = "libkobold2d-mac.a"; sourceTree = BUILT_PRODUCTS_DIR; };
		DCFA90EF13B4F6F7009DD35A /* BuildSettings-Debug-iOS.xcconfig */ = {isa = PBXFileReference; lastKnownFileType = text.xcconfig; path = "BuildSettings-Debug-iOS.xcconfig"; sourceTree = "<group>"; };
		DCFA90F013B4F811009DD35A /* BuildSettings-Release-iOS.xcconfig */ = {isa = PBXFileReference; lastKnownFileType = text.xcconfig; path = "BuildSettings-Release-iOS.xcconfig"; sourceTree = "<group>"; };
/* End PBXFileReference section */

/* Begin PBXFrameworksBuildPhase section */
		DCC1A0E013A94ED5005BD75D /* Frameworks */ = {
			isa = PBXFrameworksBuildPhase;
			buildActionMask = 2147483647;
			files = (
				048CB146169E288A005CE213 /* libiconv.dylib in Frameworks */,
				048CB144169E2879005CE213 /* QuartzCore.framework in Frameworks */,
				048CB142169E2847005CE213 /* CoreVideo.framework in Frameworks */,
				048CB140169E283C005CE213 /* CoreMedia.framework in Frameworks */,
				048CB13E169E2831005CE213 /* AVFoundation.framework in Frameworks */,
				DC65615C13A969B600A7AC53 /* libbox2d-ios.a in Frameworks */,
				DC65615D13A969B600A7AC53 /* libchipmunk-ios.a in Frameworks */,
				DC65615E13A969B600A7AC53 /* libchipmunk-spacemanager-ios.a in Frameworks */,
				DC65616013A969B600A7AC53 /* libcocos2d-extensions-ios.a in Frameworks */,
				DC65616113A969B600A7AC53 /* libcocos2d-ios.a in Frameworks */,
				DC65616213A969B600A7AC53 /* libcocos3d-ios.a in Frameworks */,
				DC65616313A969B600A7AC53 /* libcocosdenshion-ios.a in Frameworks */,
				DC65616413A969B600A7AC53 /* libkobold2d-ios.a in Frameworks */,
				DC65616513A969B600A7AC53 /* libobjectal-ios.a in Frameworks */,
				DC65616613A969B600A7AC53 /* libsneakyinput-ios.a in Frameworks */,
				048CB138169E273B005CE213 /* libzbar.a in Frameworks */,
			);
			runOnlyForDeploymentPostprocessing = 0;
		};
		DCC1A25713A94EE6005BD75D /* Frameworks */ = {
			isa = PBXFrameworksBuildPhase;
			buildActionMask = 2147483647;
			files = (
				DC979E5A13B3607E00656CB9 /* libchipmunk-spacemanager-mac.a in Frameworks */,
				DC979E3E13B35F8800656CB9 /* libcocos2d-extensions-mac.a in Frameworks */,
				DC485B4613AA18A600F2BC70 /* libcocosdenshion-mac.a in Frameworks */,
				DC485B1713AA0EBB00F2BC70 /* libbox2d-mac.a in Frameworks */,
				DC485B1113AA0E5600F2BC70 /* libchipmunk-mac.a in Frameworks */,
				DCF95CD213A97EC500AE3B80 /* libcocos2d-mac.a in Frameworks */,
				DCF95CD413A97EC500AE3B80 /* libkobold2d-mac.a in Frameworks */,
			);
			runOnlyForDeploymentPostprocessing = 0;
		};
/* End PBXFrameworksBuildPhase section */

/* Begin PBXGroup section */
		048CB11A169E273A005CE213 /* ZBarSDK */ = {
			isa = PBXGroup;
			children = (
				048CB11B169E273A005CE213 /* Headers */,
				048CB132169E273A005CE213 /* libzbar.a */,
				048CB133169E273A005CE213 /* Resources */,
			);
			path = ZBarSDK;
			sourceTree = "<group>";
		};
		048CB11B169E273A005CE213 /* Headers */ = {
			isa = PBXGroup;
			children = (
				048CB11C169E273A005CE213 /* ZBarSDK */,
			);
			path = Headers;
			sourceTree = "<group>";
		};
		048CB11C169E273A005CE213 /* ZBarSDK */ = {
			isa = PBXGroup;
			children = (
				048CB11D169E273A005CE213 /* zbar */,
				048CB127169E273A005CE213 /* zbar.h */,
				048CB128169E273A005CE213 /* ZBarCameraSimulator.h */,
				048CB129169E273A005CE213 /* ZBarCaptureReader.h */,
				048CB12A169E273A005CE213 /* ZBarHelpController.h */,
				048CB12B169E273A005CE213 /* ZBarImage.h */,
				048CB12C169E273A005CE213 /* ZBarImageScanner.h */,
				048CB12D169E273A005CE213 /* ZBarReaderController.h */,
				048CB12E169E273A005CE213 /* ZBarReaderView.h */,
				048CB12F169E273A005CE213 /* ZBarReaderViewController.h */,
				048CB130169E273A005CE213 /* ZBarSDK.h */,
				048CB131169E273A005CE213 /* ZBarSymbol.h */,
			);
			path = ZBarSDK;
			sourceTree = "<group>";
		};
		048CB11D169E273A005CE213 /* zbar */ = {
			isa = PBXGroup;
			children = (
				048CB11E169E273A005CE213 /* Decoder.h */,
				048CB11F169E273A005CE213 /* Exception.h */,
				048CB120169E273A005CE213 /* Image.h */,
				048CB121169E273A005CE213 /* ImageScanner.h */,
				048CB122169E273A005CE213 /* Processor.h */,
				048CB123169E273A005CE213 /* Scanner.h */,
				048CB124169E273A005CE213 /* Symbol.h */,
				048CB125169E273A005CE213 /* Video.h */,
				048CB126169E273A005CE213 /* Window.h */,
			);
			path = zbar;
			sourceTree = "<group>";
		};
		048CB133169E273A005CE213 /* Resources */ = {
			isa = PBXGroup;
			children = (
				048CB134169E273A005CE213 /* zbar-back.png */,
				048CB135169E273B005CE213 /* zbar-help.html */,
				048CB136169E273B005CE213 /* zbar-helpicons.png */,
				048CB137169E273B005CE213 /* zbar-samples.png */,
			);
			path = Resources;
			sourceTree = "<group>";
		};
		048CB147169E2ED6005CE213 /* GameWorld */ = {
			isa = PBXGroup;
			children = (
				048CB148169E2EE8005CE213 /* TouchableSprite.h */,
				048CB149169E2EE8005CE213 /* TouchableSprite.m */,
				048CB14A169E2EE8005CE213 /* Helpers.h */,
				048CB14B169E2EE8005CE213 /* Helpers.m */,
				048CB14C169E2EE8005CE213 /* DPad.h */,
				048CB14D169E2EE8005CE213 /* DPad.m */,
				048CB14E169E2EE8005CE213 /* Constants.h */,
				048CB14F169E2EE8005CE213 /* LinkedLocation.h */,
				048CB150169E2EE8005CE213 /* LinkedLocation.m */,
				048CB151169E2EE8005CE213 /* CCSequence+Helper.h */,
				048CB152169E2EE8005CE213 /* CCSequence+Helper.m */,
				048CB153169E2EE8005CE213 /* NPC.h */,
				048CB154169E2EE8005CE213 /* NPC.m */,
				048CB155169E2EE8005CE213 /* PlayerCharacter.h */,
				048CB156169E2EE8005CE213 /* PlayerCharacter.m */,
				048CB157169E2EE8005CE213 /* Character.h */,
				048CB158169E2EE8005CE213 /* Character.m */,
				048CB159169E2EE8005CE213 /* RangedAttack.h */,
				048CB15A169E2EE8005CE213 /* RangedAttack.m */,
				048CB15B169E2EE8005CE213 /* SceneModel.h */,
				048CB15C169E2EE8005CE213 /* SceneModel.m */,
				048CB15D169E2EE8005CE213 /* SceneView.h */,
				048CB15E169E2EE8005CE213 /* SceneView.m */,
				048CB15F169E2EE8005CE213 /* MovementLayer.h */,
				048CB160169E2EE8005CE213 /* MovementLayer.m */,
				048CB161169E2EE8005CE213 /* NavLayer.h */,
				048CB162169E2EE8005CE213 /* NavLayer.m */,
				048CB163169E2EE8005CE213 /* NavView.h */,
				048CB164169E2EE8005CE213 /* NavView.m */,
				048CB165169E2EE8005CE213 /* NavModel.h */,
				048CB166169E2EE8005CE213 /* NavModel.m */,
				048CB167169E2EE8005CE213 /* Model.h */,
				048CB168169E2EE8005CE213 /* Model.m */,
				0409A88716B1E30D0019BB2C /* FoodSprite.h */,
				0409A88816B1E30D0019BB2C /* FoodSprite.m */,
				0462F6EA16C2CB2400A94BBD /* Door.h */,
				0462F6EB16C2CB2400A94BBD /* Door.m */,
			);
			name = GameWorld;
			sourceTree = "<group>";
		};
		049770D6169E5931009B5B96 /* Inventory */ = {
			isa = PBXGroup;
			children = (
				049770D8169E594D009B5B96 /* Inventory.h */,
				049770D9169E594D009B5B96 /* Inventory.m */,
				049770DA169E594D009B5B96 /* FoodItem.h */,
				049770DB169E594D009B5B96 /* FoodItem.m */,
				049770DC169E594D009B5B96 /* InventoryLayer.h */,
				049770DD169E594D009B5B96 /* InventoryLayer.m */,
			);
			name = Inventory;
			sourceTree = "<group>";
		};
		DC1BE68414F417CC00F49D25 /* ubuntu-font-family-0.80 */ = {
			isa = PBXGroup;
			children = (
				DC1BE68614F417CC00F49D25 /* copyright.txt */,
				DC1BE68914F417CC00F49D25 /* LICENCE.txt */,
				DC1BE68C14F417CC00F49D25 /* Ubuntu-B.ttf */,
				DC1BE68D14F417CC00F49D25 /* Ubuntu-BI.ttf */,
				DC1BE68E14F417CC00F49D25 /* Ubuntu-C.ttf */,
				DC1BE68F14F417CC00F49D25 /* Ubuntu-L.ttf */,
				DC1BE69014F417CC00F49D25 /* Ubuntu-LI.ttf */,
				DC1BE69114F417CC00F49D25 /* Ubuntu-M.ttf */,
				DC1BE69214F417CC00F49D25 /* Ubuntu-MI.ttf */,
				DC1BE69314F417CC00F49D25 /* Ubuntu-R.ttf */,
				DC1BE69414F417CC00F49D25 /* Ubuntu-RI.ttf */,
				DC1BE69514F417CC00F49D25 /* UbuntuMono-B.ttf */,
				DC1BE69614F417CC00F49D25 /* UbuntuMono-BI.ttf */,
				DC1BE69714F417CC00F49D25 /* UbuntuMono-R.ttf */,
				DC1BE69814F417CC00F49D25 /* UbuntuMono-RI.ttf */,
			);
			path = "ubuntu-font-family-0.80";
			sourceTree = "<group>";
		};
		DCC1A0D613A94EC0005BD75D = {
			isa = PBXGroup;
			children = (
				048CB145169E288A005CE213 /* libiconv.dylib */,
				048CB143169E2879005CE213 /* QuartzCore.framework */,
				048CB141169E2847005CE213 /* CoreVideo.framework */,
				048CB13F169E283C005CE213 /* CoreMedia.framework */,
				048CB13D169E2831005CE213 /* AVFoundation.framework */,
				DCC1A38C13A94F1A005BD75D /* Projectfiles */,
				DCC1A0F713A94ED5005BD75D /* Projectfiles-iOS */,
				DCC1A26413A94EE6005BD75D /* Projectfiles-Mac */,
				DCFA90ED13B4F6A0009DD35A /* BuildSettings */,
				DCC1A0E613A94ED5005BD75D /* Frameworks */,
				DCC1A0E413A94ED5005BD75D /* Products */,
			);
			sourceTree = "<group>";
		};
		DCC1A0E413A94ED5005BD75D /* Products */ = {
			isa = PBXGroup;
			children = (
				DCC1A0E313A94ED5005BD75D /* KoboldTest-iOS.app */,
				DCC1A25A13A94EE6005BD75D /* KoboldTest-Mac.app */,
			);
			name = Products;
			sourceTree = "<group>";
		};
		DCC1A0E613A94ED5005BD75D /* Frameworks */ = {
			isa = PBXGroup;
			children = (
			);
			name = Frameworks;
			sourceTree = "<group>";
		};
		DCC1A0F713A94ED5005BD75D /* Projectfiles-iOS */ = {
			isa = PBXGroup;
			children = (
				DC1BE68414F417CC00F49D25 /* ubuntu-font-family-0.80 */,
				DCC1A0F813A94ED5005BD75D /* Resources */,
			);
			path = "Projectfiles-iOS";
			sourceTree = "<group>";
		};
		DCC1A0F813A94ED5005BD75D /* Resources */ = {
			isa = PBXGroup;
			children = (
				DC2721A9160CAFC700D88944 /* iTunesArtwork */,
				DC2721A1160CAEB600D88944 /* Default-568h@2x.png */,
				DCC1A0F913A94ED5005BD75D /* Default.png */,
				DCC1A0FB13A94ED5005BD75D /* fps_images.png */,
				DC26D6D914B9F2C600B6002E /* fps_images-hd.png */,
				DC65617215114B4A00E59F8A /* fps_images-ipadhd.png */,
				DCC1A0FD13A94ED5005BD75D /* Icon-72.png */,
				DCC1A0FF13A94ED5005BD75D /* Icon-Small-50.png */,
				DCC1A10113A94ED5005BD75D /* Icon-Small.png */,
				DCC1A10313A94ED5005BD75D /* Icon-Small@2x.png */,
				DCC1A10513A94ED5005BD75D /* Icon.png */,
				DCC1A10713A94ED5005BD75D /* Icon@2x.png */,
				DCC1A10913A94ED5005BD75D /* Info.plist */,
			);
			path = Resources;
			sourceTree = "<group>";
		};
		DCC1A26413A94EE6005BD75D /* Projectfiles-Mac */ = {
			isa = PBXGroup;
			children = (
				DCC1A26513A94EE6005BD75D /* Resources */,
			);
			path = "Projectfiles-Mac";
			sourceTree = "<group>";
		};
		DCC1A26513A94EE6005BD75D /* Resources */ = {
			isa = PBXGroup;
			children = (
				DCC1A26D13A94EE6005BD75D /* fps_images.png */,
				DCC1A26F13A94EE6005BD75D /* icon.icns */,
				DCC1A27113A94EE6005BD75D /* Info.plist */,
				DCC1A26613A94EE6005BD75D /* English.lproj */,
			);
			name = Resources;
			sourceTree = "<group>";
		};
		DCC1A26613A94EE6005BD75D /* English.lproj */ = {
			isa = PBXGroup;
			children = (
				DCC1A26713A94EE6005BD75D /* InfoPlist.strings */,
				DCC1A26A13A94EE6005BD75D /* MainMenu.xib */,
			);
			name = English.lproj;
			sourceTree = "<group>";
		};
		DCC1A38C13A94F1A005BD75D /* Projectfiles */ = {
			isa = PBXGroup;
			children = (
				049770D6169E5931009B5B96 /* Inventory */,
				048CB147169E2ED6005CE213 /* GameWorld */,
				048CB11A169E273A005CE213 /* ZBarSDK */,
				048CB0D1169E25FC005CE213 /* MainMenu.h */,
				048CB0D2169E25FC005CE213 /* MainMenu.m */,
				048CB0D8169E25FC005CE213 /* VirtualCamera.h */,
				048CB0D9169E25FC005CE213 /* VirtualCamera.m */,
				DCC1A38F13A94F1A005BD75D /* HelloWorldLayer.h */,
				DCC1A39013A94F1A005BD75D /* HelloWorldLayer.m */,
				048CB117169E2659005CE213 /* TestScene.h */,
				048CB118169E2659005CE213 /* TestScene.m */,
				DCC1A38D13A94F1A005BD75D /* AppDelegate.h */,
				DCC1A38E13A94F1A005BD75D /* AppDelegate.m */,
				DCC1A39413A94F1A005BD75D /* Resources */,
				DCC1A3CF13A94F2C005BD75D /* Supporting Files */,
				0409A88E16B5F28D0019BB2C /* Global.h */,
				0409A88F16B5F28E0019BB2C /* Global.m */,
				0409A89116BAC69A0019BB2C /* SceneManager.h */,
				0409A89216BAC69B0019BB2C /* SceneManager.m */,
			);
			path = Projectfiles;
			sourceTree = "<group>";
		};
		DCC1A39413A94F1A005BD75D /* Resources */ = {
			isa = PBXGroup;
			children = (
				0462F6EE16C2D06500A94BBD /* castle.png */,
				048CB0DF169E2638005CE213 /* muffin.png */,
				048CB0E0169E2638005CE213 /* bkg_field.jpg */,
				048CB0E1169E2638005CE213 /* tree.png */,
				048CB0E2169E2638005CE213 /* yellowlady-cutout.png */,
				048CB0E3169E2638005CE213 /* landscape.jpeg */,
				048CB0E4169E2638005CE213 /* princess-cutout.png */,
				048CB0E5169E2638005CE213 /* ground.png */,
				048CB0E6169E2638005CE213 /* fireball.png */,
				048CB0E7169E2638005CE213 /* field.jpg */,
				048CB0E8169E2638005CE213 /* soldier.png */,
				048CB0E9169E2638005CE213 /* wizard.png */,
				048CB0EA169E2638005CE213 /* tinymonster.png */,
				048CB0EB169E2638005CE213 /* monster.png */,
				048CB0EC169E2638005CE213 /* dpad_buttons.plist */,
				048CB0ED169E2638005CE213 /* dpad_buttons.png */,
				048CB0EE169E2638005CE213 /* Default.png */,
				048CB0EF169E2638005CE213 /* Default-Landscape~ipad.png */,
				048CB0F0169E2638005CE213 /* fps_images.png */,
				048CB0F1169E2638005CE213 /* fps_images-hd.png */,
				048CB0F2169E2638005CE213 /* fps_images-ipadhd.png */,
				048CB0F3169E2638005CE213 /* Icon-72.png */,
				048CB0F4169E2638005CE213 /* Icon-Small-50.png */,
				048CB0F5169E2638005CE213 /* Icon-Small.png */,
				048CB0F6169E2638005CE213 /* Icon-Small@2x.png */,
				048CB0F7169E2638005CE213 /* Icon.png */,
				048CB0F8169E2638005CE213 /* Icon@2x.png */,
				048CB0F9169E2638005CE213 /* Info.plist */,
				048CB0FA169E2638005CE213 /* iTunesArtwork */,
				DCC1A39513A94F1A005BD75D /* config.lua */,
				DC275D2A13B27DBF009C5098 /* Pow.caf */,
				DC485B4713AA194F00F2BC70 /* ship.png */,
				DC485B4A13AA1C0E00F2BC70 /* ship-hd.png */,
			);
			path = Resources;
			sourceTree = "<group>";
		};
		DCC1A3CF13A94F2C005BD75D /* Supporting Files */ = {
			isa = PBXGroup;
			children = (
				DCC1A39113A94F1A005BD75D /* main.m */,
				DCC1A39213A94F1A005BD75D /* Prefix-iOS.pch */,
				DCC1A39313A94F1A005BD75D /* Prefix-Mac.pch */,
			);
			name = "Supporting Files";
			sourceTree = "<group>";
		};
		DCFA90ED13B4F6A0009DD35A /* BuildSettings */ = {
			isa = PBXGroup;
			children = (
				DCFA90EF13B4F6F7009DD35A /* BuildSettings-Debug-iOS.xcconfig */,
				DCFA90F013B4F811009DD35A /* BuildSettings-Release-iOS.xcconfig */,
				DC3BE97813B4FB71003739CC /* BuildSettings-iOS.xcconfig */,
				DC9C33E713B5024400931BF2 /* BuildSettings-Debug-Mac.xcconfig */,
				DC9C33E913B5024400931BF2 /* BuildSettings-Release-Mac.xcconfig */,
				DC9C33E813B5024400931BF2 /* BuildSettings-Mac.xcconfig */,
			);
			path = BuildSettings;
			sourceTree = "<group>";
		};
/* End PBXGroup section */

/* Begin PBXNativeTarget section */
		DCC1A0E213A94ED5005BD75D /* KoboldTest-iOS */ = {
			isa = PBXNativeTarget;
			buildConfigurationList = DCC1A25313A94ED7005BD75D /* Build configuration list for PBXNativeTarget "KoboldTest-iOS" */;
			buildPhases = (
				DCC1A0DF13A94ED5005BD75D /* Sources */,
				DCC1A0E013A94ED5005BD75D /* Frameworks */,
				DCC1A0E113A94ED5005BD75D /* Resources */,
			);
			buildRules = (
			);
			dependencies = (
			);
			name = "KoboldTest-iOS";
			productName = "Hello-World-iOS";
			productReference = DCC1A0E313A94ED5005BD75D /* KoboldTest-iOS.app */;
			productType = "com.apple.product-type.application";
		};
		DCC1A25913A94EE6005BD75D /* KoboldTest-Mac */ = {
			isa = PBXNativeTarget;
			buildConfigurationList = DCC1A38913A94EE7005BD75D /* Build configuration list for PBXNativeTarget "KoboldTest-Mac" */;
			buildPhases = (
				DCC1A25613A94EE6005BD75D /* Sources */,
				DCC1A25713A94EE6005BD75D /* Frameworks */,
				DCC1A25813A94EE6005BD75D /* Resources */,
			);
			buildRules = (
			);
			dependencies = (
			);
			name = "KoboldTest-Mac";
			productName = "Hello-World-Mac";
			productReference = DCC1A25A13A94EE6005BD75D /* KoboldTest-Mac.app */;
			productType = "com.apple.product-type.application";
		};
/* End PBXNativeTarget section */

/* Begin PBXProject section */
		DCC1A0D813A94EC0005BD75D /* Project object */ = {
			isa = PBXProject;
			attributes = {
				LastUpgradeCheck = 0450;
			};
			buildConfigurationList = DCC1A0DB13A94EC0005BD75D /* Build configuration list for PBXProject "KoboldTest" */;
			compatibilityVersion = "Xcode 3.2";
			developmentRegion = English;
			hasScannedForEncodings = 0;
			knownRegions = (
				en,
				English,
			);
			mainGroup = DCC1A0D613A94EC0005BD75D;
			productRefGroup = DCC1A0E413A94ED5005BD75D /* Products */;
			projectDirPath = "";
			projectRoot = "";
			targets = (
				DCC1A0E213A94ED5005BD75D /* KoboldTest-iOS */,
				DCC1A25913A94EE6005BD75D /* KoboldTest-Mac */,
			);
		};
/* End PBXProject section */

/* Begin PBXResourcesBuildPhase section */
		DCC1A0E113A94ED5005BD75D /* Resources */ = {
			isa = PBXResourcesBuildPhase;
			buildActionMask = 2147483647;
			files = (
				DCC1A3AF13A94F1A005BD75D /* config.lua in Resources */,
				DC485B4813AA194F00F2BC70 /* ship.png in Resources */,
				DC485B4B13AA1C0E00F2BC70 /* ship-hd.png in Resources */,
				DC275D2B13B27DBF009C5098 /* Pow.caf in Resources */,
				DC1BE6A014F417CC00F49D25 /* Ubuntu-B.ttf in Resources */,
				DC1BE6A114F417CC00F49D25 /* Ubuntu-BI.ttf in Resources */,
				DC1BE6A214F417CC00F49D25 /* Ubuntu-C.ttf in Resources */,
				DC1BE6A314F417CC00F49D25 /* Ubuntu-L.ttf in Resources */,
				DC1BE6A414F417CC00F49D25 /* Ubuntu-LI.ttf in Resources */,
				DC1BE6A514F417CC00F49D25 /* Ubuntu-M.ttf in Resources */,
				DC1BE6A614F417CC00F49D25 /* Ubuntu-MI.ttf in Resources */,
				DC1BE6A714F417CC00F49D25 /* Ubuntu-R.ttf in Resources */,
				DC1BE6A814F417CC00F49D25 /* Ubuntu-RI.ttf in Resources */,
				DC1BE6A914F417CC00F49D25 /* UbuntuMono-B.ttf in Resources */,
				DC1BE6AA14F417CC00F49D25 /* UbuntuMono-BI.ttf in Resources */,
				DC1BE6AB14F417CC00F49D25 /* UbuntuMono-R.ttf in Resources */,
				DC1BE6AC14F417CC00F49D25 /* UbuntuMono-RI.ttf in Resources */,
				DC26D6DA14B9F2C600B6002E /* fps_images-hd.png in Resources */,
				DC65617315114B4A00E59F8A /* fps_images-ipadhd.png in Resources */,
				DC2721A2160CAEB600D88944 /* Default-568h@2x.png in Resources */,
				DC2721AA160CAFC700D88944 /* iTunesArtwork in Resources */,
				048CB0FB169E2638005CE213 /* muffin.png in Resources */,
				048CB0FC169E2638005CE213 /* bkg_field.jpg in Resources */,
				048CB0FD169E2638005CE213 /* tree.png in Resources */,
				048CB0FE169E2638005CE213 /* yellowlady-cutout.png in Resources */,
				048CB0FF169E2638005CE213 /* landscape.jpeg in Resources */,
				048CB100169E2638005CE213 /* princess-cutout.png in Resources */,
				048CB101169E2638005CE213 /* ground.png in Resources */,
				048CB102169E2638005CE213 /* fireball.png in Resources */,
				048CB103169E2638005CE213 /* field.jpg in Resources */,
				048CB104169E2638005CE213 /* soldier.png in Resources */,
				048CB105169E2638005CE213 /* wizard.png in Resources */,
				048CB106169E2638005CE213 /* tinymonster.png in Resources */,
				048CB107169E2638005CE213 /* monster.png in Resources */,
				048CB108169E2638005CE213 /* dpad_buttons.plist in Resources */,
				048CB109169E2638005CE213 /* dpad_buttons.png in Resources */,
				048CB10A169E2638005CE213 /* Default.png in Resources */,
				048CB10B169E2638005CE213 /* Default-Landscape~ipad.png in Resources */,
				048CB10C169E2638005CE213 /* fps_images.png in Resources */,
				048CB10F169E2638005CE213 /* Icon-72.png in Resources */,
				048CB110169E2638005CE213 /* Icon-Small-50.png in Resources */,
				048CB111169E2638005CE213 /* Icon-Small.png in Resources */,
				048CB112169E2638005CE213 /* Icon-Small@2x.png in Resources */,
				048CB113169E2638005CE213 /* Icon.png in Resources */,
				048CB114169E2638005CE213 /* Icon@2x.png in Resources */,
				048CB115169E2638005CE213 /* Info.plist in Resources */,
				048CB139169E273B005CE213 /* zbar-back.png in Resources */,
				048CB13A169E273B005CE213 /* zbar-help.html in Resources */,
				048CB13B169E273B005CE213 /* zbar-helpicons.png in Resources */,
				048CB13C169E273B005CE213 /* zbar-samples.png in Resources */,
				0462F6EF16C2D06500A94BBD /* castle.png in Resources */,
			);
			runOnlyForDeploymentPostprocessing = 0;
		};
		DCC1A25813A94EE6005BD75D /* Resources */ = {
			isa = PBXResourcesBuildPhase;
			buildActionMask = 2147483647;
			files = (
				DCC1A26913A94EE6005BD75D /* InfoPlist.strings in Resources */,
				DCC1A26C13A94EE6005BD75D /* MainMenu.xib in Resources */,
				DCC1A26E13A94EE6005BD75D /* fps_images.png in Resources */,
				DCC1A27013A94EE6005BD75D /* icon.icns in Resources */,
				DCC1A3B013A94F1A005BD75D /* config.lua in Resources */,
				DC485B4913AA194F00F2BC70 /* ship.png in Resources */,
				DC485B4C13AA1C0E00F2BC70 /* ship-hd.png in Resources */,
				DC275D2C13B27DBF009C5098 /* Pow.caf in Resources */,
				DC26D6DB14B9F2C600B6002E /* fps_images-hd.png in Resources */,
			);
			runOnlyForDeploymentPostprocessing = 0;
		};
/* End PBXResourcesBuildPhase section */

/* Begin PBXSourcesBuildPhase section */
		DCC1A0DF13A94ED5005BD75D /* Sources */ = {
			isa = PBXSourcesBuildPhase;
			buildActionMask = 2147483647;
			files = (
				DCC1A3A913A94F1A005BD75D /* AppDelegate.m in Sources */,
				DCC1A3AB13A94F1A005BD75D /* HelloWorldLayer.m in Sources */,
				DCC1A3AD13A94F1A005BD75D /* main.m in Sources */,
				048CB0DA169E25FC005CE213 /* MainMenu.m in Sources */,
				048CB0DD169E25FC005CE213 /* VirtualCamera.m in Sources */,
				048CB119169E2659005CE213 /* TestScene.m in Sources */,
				048CB169169E2EE8005CE213 /* TouchableSprite.m in Sources */,
				048CB16A169E2EE8005CE213 /* Helpers.m in Sources */,
				048CB16B169E2EE8005CE213 /* DPad.m in Sources */,
				048CB16C169E2EE8005CE213 /* LinkedLocation.m in Sources */,
				048CB16D169E2EE8005CE213 /* CCSequence+Helper.m in Sources */,
				048CB16E169E2EE8005CE213 /* NPC.m in Sources */,
				048CB16F169E2EE8005CE213 /* PlayerCharacter.m in Sources */,
				048CB170169E2EE8005CE213 /* Character.m in Sources */,
				048CB171169E2EE8005CE213 /* RangedAttack.m in Sources */,
				048CB172169E2EE8005CE213 /* SceneModel.m in Sources */,
				048CB173169E2EE8005CE213 /* SceneView.m in Sources */,
				048CB174169E2EE8005CE213 /* MovementLayer.m in Sources */,
				048CB175169E2EE8005CE213 /* NavLayer.m in Sources */,
				048CB176169E2EE8005CE213 /* NavView.m in Sources */,
				048CB177169E2EE8005CE213 /* NavModel.m in Sources */,
				048CB178169E2EE8005CE213 /* Model.m in Sources */,
				049770DE169E594D009B5B96 /* Inventory.m in Sources */,
				049770DF169E594D009B5B96 /* FoodItem.m in Sources */,
				049770E0169E594D009B5B96 /* InventoryLayer.m in Sources */,
				0409A88916B1E30E0019BB2C /* FoodSprite.m in Sources */,
				0409A89016B5F28F0019BB2C /* Global.m in Sources */,
				0409A89316BAC69D0019BB2C /* SceneManager.m in Sources */,
				0462F6EC16C2CB2400A94BBD /* Door.m in Sources */,
			);
			runOnlyForDeploymentPostprocessing = 0;
		};
		DCC1A25613A94EE6005BD75D /* Sources */ = {
			isa = PBXSourcesBuildPhase;
			buildActionMask = 2147483647;
			files = (
				DCC1A3AA13A94F1A005BD75D /* AppDelegate.m in Sources */,
				DCC1A3AC13A94F1A005BD75D /* HelloWorldLayer.m in Sources */,
				DCC1A3AE13A94F1A005BD75D /* main.m in Sources */,
			);
			runOnlyForDeploymentPostprocessing = 0;
		};
/* End PBXSourcesBuildPhase section */

/* Begin PBXVariantGroup section */
		DCC1A26713A94EE6005BD75D /* InfoPlist.strings */ = {
			isa = PBXVariantGroup;
			children = (
				DCC1A26813A94EE6005BD75D /* English */,
			);
			name = InfoPlist.strings;
			sourceTree = "<group>";
		};
		DCC1A26A13A94EE6005BD75D /* MainMenu.xib */ = {
			isa = PBXVariantGroup;
			children = (
				DCC1A26B13A94EE6005BD75D /* English */,
			);
			name = MainMenu.xib;
			sourceTree = "<group>";
		};
/* End PBXVariantGroup section */

/* Begin XCBuildConfiguration section */
		DCC1A0DD13A94EC0005BD75D /* Debug */ = {
			isa = XCBuildConfiguration;
			buildSettings = {
			};
			name = Debug;
		};
		DCC1A0DE13A94EC0005BD75D /* Release */ = {
			isa = XCBuildConfiguration;
			buildSettings = {
			};
			name = Release;
		};
		DCC1A25413A94ED7005BD75D /* Debug */ = {
			isa = XCBuildConfiguration;
			baseConfigurationReference = DCFA90EF13B4F6F7009DD35A /* BuildSettings-Debug-iOS.xcconfig */;
			buildSettings = {
				LIBRARY_SEARCH_PATHS = (
					"$(inherited)",
					"\"$(SRCROOT)/../__Kobold2D__/libs/GoogleAdMobAdsSDK\"",
					"\"$(SRCROOT)/Projectfiles/ZBarSDK\"",
				);
			};
			name = Debug;
		};
		DCC1A25513A94ED7005BD75D /* Release */ = {
			isa = XCBuildConfiguration;
			baseConfigurationReference = DCFA90F013B4F811009DD35A /* BuildSettings-Release-iOS.xcconfig */;
			buildSettings = {
				LIBRARY_SEARCH_PATHS = (
					"$(inherited)",
					"\"$(SRCROOT)/../__Kobold2D__/libs/GoogleAdMobAdsSDK\"",
					"\"$(SRCROOT)/Projectfiles/ZBarSDK\"",
				);
			};
			name = Release;
		};
		DCC1A38A13A94EE7005BD75D /* Debug */ = {
			isa = XCBuildConfiguration;
			baseConfigurationReference = DC9C33E713B5024400931BF2 /* BuildSettings-Debug-Mac.xcconfig */;
			buildSettings = {
				COMBINE_HIDPI_IMAGES = YES;
			};
			name = Debug;
		};
		DCC1A38B13A94EE7005BD75D /* Release */ = {
			isa = XCBuildConfiguration;
			baseConfigurationReference = DC9C33E913B5024400931BF2 /* BuildSettings-Release-Mac.xcconfig */;
			buildSettings = {
				COMBINE_HIDPI_IMAGES = YES;
			};
			name = Release;
		};
/* End XCBuildConfiguration section */

/* Begin XCConfigurationList section */
		DCC1A0DB13A94EC0005BD75D /* Build configuration list for PBXProject "KoboldTest" */ = {
			isa = XCConfigurationList;
			buildConfigurations = (
				DCC1A0DD13A94EC0005BD75D /* Debug */,
				DCC1A0DE13A94EC0005BD75D /* Release */,
			);
			defaultConfigurationIsVisible = 0;
			defaultConfigurationName = Release;
		};
		DCC1A25313A94ED7005BD75D /* Build configuration list for PBXNativeTarget "KoboldTest-iOS" */ = {
			isa = XCConfigurationList;
			buildConfigurations = (
				DCC1A25413A94ED7005BD75D /* Debug */,
				DCC1A25513A94ED7005BD75D /* Release */,
			);
			defaultConfigurationIsVisible = 0;
			defaultConfigurationName = Release;
		};
		DCC1A38913A94EE7005BD75D /* Build configuration list for PBXNativeTarget "KoboldTest-Mac" */ = {
			isa = XCConfigurationList;
			buildConfigurations = (
				DCC1A38A13A94EE7005BD75D /* Debug */,
				DCC1A38B13A94EE7005BD75D /* Release */,
			);
			defaultConfigurationIsVisible = 0;
			defaultConfigurationName = Release;
		};
/* End XCConfigurationList section */
	};
	rootObject = DCC1A0D813A94EC0005BD75D /* Project object */;
}
